
Microsoft Visual Studio Solution File, Format Version 12.00
# Visual Studio Version 16
VisualStudioVersion = 16.0.29509.3
MinimumVisualStudioVersion = 10.0.40219.1
Project("{FAE04EC0-301F-11D3-BF4B-00C04F79EFBC}") = "ExplicitlyStated.Console", "ExplicitlyStated.Console.csproj", "{E01E3621-A6BD-474D-9335-420073EFDD1D}"
EndProject
Project("{FAE04EC0-301F-11D3-BF4B-00C04F79EFBC}") = "ExplicitlyStated", "..\ExplicitlyStated\ExplicitlyStated.csproj", "{10DA6173-E594-4DF6-8927-80C21F123A76}"
EndProject
Global
	GlobalSection(SolutionConfigurationPlatforms) = preSolution
		Debug|Any CPU = Debug|Any CPU
		Release|Any CPU = Release|Any CPU
	EndGlobalSection
	GlobalSection(ProjectConfigurationPlatforms) = postSolution
		{E01E3621-A6BD-474D-9335-420073EFDD1D}.Debug|Any CPU.ActiveCfg = Debug|Any CPU
		{E01E3621-A6BD-474D-9335-420073EFDD1D}.Debug|Any CPU.Build.0 = Debug|Any CPU
		{E01E3621-A6BD-474D-9335-420073EFDD1D}.Release|Any CPU.ActiveCfg = Release|Any CPU
		{E01E3621-A6BD-474D-9335-420073EFDD1D}.Release|Any CPU.Build.0 = Release|Any CPU
		{10DA6173-E594-4DF6-8927-80C21F123A76}.Debug|Any CPU.ActiveCfg = Debug|Any CPU
		{10DA6173-E594-4DF6-8927-80C21F123A76}.Debug|Any CPU.Build.0 = Debug|Any CPU
		{10DA6173-E594-4DF6-8927-80C21F123A76}.Release|Any CPU.ActiveCfg = Release|Any CPU
		{10DA6173-E594-4DF6-8927-80C21F123A76}.Release|Any CPU.Build.0 = Release|Any CPU
	EndGlobalSection
	GlobalSection(SolutionProperties) = preSolution
		HideSolutionNode = FALSE
	EndGlobalSection
	GlobalSection(ExtensibilityGlobals) = postSolution
		SolutionGuid = {74F67CA0-6CBD-437D-A8CF-42E7F2012DD2}
	EndGlobalSection
EndGlobal
